
Microsoft Visual Studio Solution File, Format Version 12.00
# Visual Studio 15
VisualStudioVersion = 15.0.28307.572
MinimumVisualStudioVersion = 10.0.40219.1
Project("{FAE04EC0-301F-11D3-BF4B-00C04F79EFBC}") = "01. Cooking Masterclass", "01. Cooking Masterclass\01. Cooking Masterclass.csproj", "{5AC8C2CB-CB64-423E-945F-386633894288}"
EndProject
Project("{FAE04EC0-301F-11D3-BF4B-00C04F79EFBC}") = "02. Bread Factory", "02. Bread Factory\02. Bread Factory.csproj", "{D9605BA7-8943-44B2-977D-76E6E8B3CC4B}"
EndProject
Project("{FAE04EC0-301F-11D3-BF4B-00C04F79EFBC}") = "03. Cooking Factory", "03. Cooking Factory\03. Cooking Factory.csproj", "{9006238A-D9FB-4A2B-87E6-5E45E0E73706}"
EndProject
Global
	GlobalSection(SolutionConfigurationPlatforms) = preSolution
		Debug|Any CPU = Debug|Any CPU
		Release|Any CPU = Release|Any CPU
	EndGlobalSection
	GlobalSection(ProjectConfigurationPlatforms) = postSolution
		{5AC8C2CB-CB64-423E-945F-386633894288}.Debug|Any CPU.ActiveCfg = Debug|Any CPU
		{5AC8C2CB-CB64-423E-945F-386633894288}.Debug|Any CPU.Build.0 = Debug|Any CPU
		{5AC8C2CB-CB64-423E-945F-386633894288}.Release|Any CPU.ActiveCfg = Release|Any CPU
		{5AC8C2CB-CB64-423E-945F-386633894288}.Release|Any CPU.Build.0 = Release|Any CPU
		{D9605BA7-8943-44B2-977D-76E6E8B3CC4B}.Debug|Any CPU.ActiveCfg = Debug|Any CPU
		{D9605BA7-8943-44B2-977D-76E6E8B3CC4B}.Debug|Any CPU.Build.0 = Debug|Any CPU
		{D9605BA7-8943-44B2-977D-76E6E8B3CC4B}.Release|Any CPU.ActiveCfg = Release|Any CPU
		{D9605BA7-8943-44B2-977D-76E6E8B3CC4B}.Release|Any CPU.Build.0 = Release|Any CPU
		{9006238A-D9FB-4A2B-87E6-5E45E0E73706}.Debug|Any CPU.ActiveCfg = Debug|Any CPU
		{9006238A-D9FB-4A2B-87E6-5E45E0E73706}.Debug|Any CPU.Build.0 = Debug|Any CPU
		{9006238A-D9FB-4A2B-87E6-5E45E0E73706}.Release|Any CPU.ActiveCfg = Release|Any CPU
		{9006238A-D9FB-4A2B-87E6-5E45E0E73706}.Release|Any CPU.Build.0 = Release|Any CPU
	EndGlobalSection
	GlobalSection(SolutionProperties) = preSolution
		HideSolutionNode = FALSE
	EndGlobalSection
	GlobalSection(ExtensibilityGlobals) = postSolution
		SolutionGuid = {667959FF-D3BB-4CA9-8204-2647169A908B}
	EndGlobalSection
EndGlobal
