
Microsoft Visual Studio Solution File, Format Version 12.00
# Visual Studio 15
VisualStudioVersion = 15.0.28307.572
MinimumVisualStudioVersion = 10.0.40219.1
Project("{FAE04EC0-301F-11D3-BF4B-00C04F79EFBC}") = "01. Data Type Finder", "01. Data Type Finder\01. Data Type Finder.csproj", "{2E35BF52-12FC-47FF-AA16-230A7418417C}"
EndProject
Global
	GlobalSection(SolutionConfigurationPlatforms) = preSolution
		Debug|Any CPU = Debug|Any CPU
		Release|Any CPU = Release|Any CPU
	EndGlobalSection
	GlobalSection(ProjectConfigurationPlatforms) = postSolution
		{2E35BF52-12FC-47FF-AA16-230A7418417C}.Debug|Any CPU.ActiveCfg = Debug|Any CPU
		{2E35BF52-12FC-47FF-AA16-230A7418417C}.Debug|Any CPU.Build.0 = Debug|Any CPU
		{2E35BF52-12FC-47FF-AA16-230A7418417C}.Release|Any CPU.ActiveCfg = Release|Any CPU
		{2E35BF52-12FC-47FF-AA16-230A7418417C}.Release|Any CPU.Build.0 = Release|Any CPU
	EndGlobalSection
	GlobalSection(SolutionProperties) = preSolution
		HideSolutionNode = FALSE
	EndGlobalSection
	GlobalSection(ExtensibilityGlobals) = postSolution
		SolutionGuid = {FA1B8964-4BC6-4237-8149-A40ECAF67957}
	EndGlobalSection
EndGlobal
