
Microsoft Visual Studio Solution File, Format Version 12.00
# Visual Studio 15
VisualStudioVersion = 15.0.28307.572
MinimumVisualStudioVersion = 10.0.40219.1
Project("{FAE04EC0-301F-11D3-BF4B-00C04F79EFBC}") = "01. Company Roster", "01. Company Roster\01. Company Roster.csproj", "{54BF8F00-07F0-4F80-92B7-1FD8874D7085}"
EndProject
Project("{FAE04EC0-301F-11D3-BF4B-00C04F79EFBC}") = "02. Oldest Family Member", "02. Oldest Family Member\02. Oldest Family Member.csproj", "{CC6BABE8-DD94-4C5C-99AD-BF41F9FBDCAF}"
EndProject
Project("{FAE04EC0-301F-11D3-BF4B-00C04F79EFBC}") = "03. Speed Racing", "03. Speed Racing\03. Speed Racing.csproj", "{BF76608B-0681-4EB4-A911-B287E8C5DC1E}"
EndProject
Project("{FAE04EC0-301F-11D3-BF4B-00C04F79EFBC}") = "04. Raw Data", "04. Raw Data\04. Raw Data.csproj", "{EFD9157E-AD8F-442E-8D95-985FA2368EC7}"
EndProject
Project("{FAE04EC0-301F-11D3-BF4B-00C04F79EFBC}") = "05. Shopping Spree", "05. Shopping Spree\05. Shopping Spree.csproj", "{AD5DD65A-258B-4798-AC27-65C2B348A406}"
EndProject
Global
	GlobalSection(SolutionConfigurationPlatforms) = preSolution
		Debug|Any CPU = Debug|Any CPU
		Release|Any CPU = Release|Any CPU
	EndGlobalSection
	GlobalSection(ProjectConfigurationPlatforms) = postSolution
		{54BF8F00-07F0-4F80-92B7-1FD8874D7085}.Debug|Any CPU.ActiveCfg = Debug|Any CPU
		{54BF8F00-07F0-4F80-92B7-1FD8874D7085}.Debug|Any CPU.Build.0 = Debug|Any CPU
		{54BF8F00-07F0-4F80-92B7-1FD8874D7085}.Release|Any CPU.ActiveCfg = Release|Any CPU
		{54BF8F00-07F0-4F80-92B7-1FD8874D7085}.Release|Any CPU.Build.0 = Release|Any CPU
		{CC6BABE8-DD94-4C5C-99AD-BF41F9FBDCAF}.Debug|Any CPU.ActiveCfg = Debug|Any CPU
		{CC6BABE8-DD94-4C5C-99AD-BF41F9FBDCAF}.Debug|Any CPU.Build.0 = Debug|Any CPU
		{CC6BABE8-DD94-4C5C-99AD-BF41F9FBDCAF}.Release|Any CPU.ActiveCfg = Release|Any CPU
		{CC6BABE8-DD94-4C5C-99AD-BF41F9FBDCAF}.Release|Any CPU.Build.0 = Release|Any CPU
		{BF76608B-0681-4EB4-A911-B287E8C5DC1E}.Debug|Any CPU.ActiveCfg = Debug|Any CPU
		{BF76608B-0681-4EB4-A911-B287E8C5DC1E}.Debug|Any CPU.Build.0 = Debug|Any CPU
		{BF76608B-0681-4EB4-A911-B287E8C5DC1E}.Release|Any CPU.ActiveCfg = Release|Any CPU
		{BF76608B-0681-4EB4-A911-B287E8C5DC1E}.Release|Any CPU.Build.0 = Release|Any CPU
		{EFD9157E-AD8F-442E-8D95-985FA2368EC7}.Debug|Any CPU.ActiveCfg = Debug|Any CPU
		{EFD9157E-AD8F-442E-8D95-985FA2368EC7}.Debug|Any CPU.Build.0 = Debug|Any CPU
		{EFD9157E-AD8F-442E-8D95-985FA2368EC7}.Release|Any CPU.ActiveCfg = Release|Any CPU
		{EFD9157E-AD8F-442E-8D95-985FA2368EC7}.Release|Any CPU.Build.0 = Release|Any CPU
		{AD5DD65A-258B-4798-AC27-65C2B348A406}.Debug|Any CPU.ActiveCfg = Debug|Any CPU
		{AD5DD65A-258B-4798-AC27-65C2B348A406}.Debug|Any CPU.Build.0 = Debug|Any CPU
		{AD5DD65A-258B-4798-AC27-65C2B348A406}.Release|Any CPU.ActiveCfg = Release|Any CPU
		{AD5DD65A-258B-4798-AC27-65C2B348A406}.Release|Any CPU.Build.0 = Release|Any CPU
	EndGlobalSection
	GlobalSection(SolutionProperties) = preSolution
		HideSolutionNode = FALSE
	EndGlobalSection
	GlobalSection(ExtensibilityGlobals) = postSolution
		SolutionGuid = {75F20CA3-2E8B-4974-80D2-61AF0A1E92AF}
	EndGlobalSection
EndGlobal
