
Microsoft Visual Studio Solution File, Format Version 12.00
# Visual Studio Version 16
VisualStudioVersion = 16.0.29001.49
MinimumVisualStudioVersion = 10.0.40219.1
Project("{9A19103F-16F7-4668-BE54-9A1E7A4F7556}") = "01. Basic Stack Operations", "01. Basic Stack Operations\01. Basic Stack Operations.csproj", "{8A9EC84E-498A-4303-80E0-35943BABB4E1}"
EndProject
Project("{9A19103F-16F7-4668-BE54-9A1E7A4F7556}") = "02. Basic Queue Operations", "02. Basic Queue Operations\02. Basic Queue Operations.csproj", "{8355A6D3-7549-4D0B-BF8D-AC6FE35AF70E}"
EndProject
Project("{9A19103F-16F7-4668-BE54-9A1E7A4F7556}") = "03. Maximum and Minimum Element", "03. Maximum and Minimum Element\03. Maximum and Minimum Element.csproj", "{BDCC650F-ADBA-4073-99CB-C095D08A345A}"
EndProject
Project("{FAE04EC0-301F-11D3-BF4B-00C04F79EFBC}") = "04. Fast Food", "04. Fast Food\04. Fast Food.csproj", "{CC340DE2-3EAF-4A7E-96A8-C365927758FB}"
EndProject
Project("{FAE04EC0-301F-11D3-BF4B-00C04F79EFBC}") = "05. Fashion Boutique", "05. Fashion Boutique\05. Fashion Boutique.csproj", "{5B603EEF-6ECD-4F5F-B689-3017D2665B5C}"
EndProject
Project("{FAE04EC0-301F-11D3-BF4B-00C04F79EFBC}") = "06. Auto Repair and Service", "06. Auto Repair and Service\06. Auto Repair and Service.csproj", "{D2ACEF5B-8D3E-46F4-B073-2803E4C5FFE0}"
EndProject
Project("{FAE04EC0-301F-11D3-BF4B-00C04F79EFBC}") = "07. Truck Tour", "07. Truck Tour\07. Truck Tour.csproj", "{989A31F8-7727-4151-99AF-5F17308DCE33}"
EndProject
Project("{FAE04EC0-301F-11D3-BF4B-00C04F79EFBC}") = "08. Balanced Parenthesis", "08. Balanced Parenthesis\08. Balanced Parenthesis.csproj", "{7BE7E478-81AD-475F-8FFC-AD565BAAE0DD}"
EndProject
Project("{FAE04EC0-301F-11D3-BF4B-00C04F79EFBC}") = "09. Simple Text Editor", "09. Simple Text Editor\09. Simple Text Editor.csproj", "{AE8257D0-5D7E-4726-AA37-AF12F6F223D5}"
EndProject
Project("{FAE04EC0-301F-11D3-BF4B-00C04F79EFBC}") = "10. Crossroads", "10. Crossroads\10. Crossroads.csproj", "{C6A9C44C-C864-415A-8328-D691BC3B4257}"
EndProject
Project("{FAE04EC0-301F-11D3-BF4B-00C04F79EFBC}") = "11. Key Revolver", "11. Key Revolver\11. Key Revolver.csproj", "{B6EDD69E-3C2E-40D9-9711-8BAA6515E711}"
EndProject
Project("{FAE04EC0-301F-11D3-BF4B-00C04F79EFBC}") = "12. CupsAndBottles", "12. CupsAndBottles\12. CupsAndBottles.csproj", "{E05B6BB5-09DC-4AC4-808F-554015BACBE2}"
EndProject
Global
	GlobalSection(SolutionConfigurationPlatforms) = preSolution
		Debug|Any CPU = Debug|Any CPU
		Release|Any CPU = Release|Any CPU
	EndGlobalSection
	GlobalSection(ProjectConfigurationPlatforms) = postSolution
		{8A9EC84E-498A-4303-80E0-35943BABB4E1}.Debug|Any CPU.ActiveCfg = Debug|Any CPU
		{8A9EC84E-498A-4303-80E0-35943BABB4E1}.Debug|Any CPU.Build.0 = Debug|Any CPU
		{8A9EC84E-498A-4303-80E0-35943BABB4E1}.Release|Any CPU.ActiveCfg = Release|Any CPU
		{8A9EC84E-498A-4303-80E0-35943BABB4E1}.Release|Any CPU.Build.0 = Release|Any CPU
		{8355A6D3-7549-4D0B-BF8D-AC6FE35AF70E}.Debug|Any CPU.ActiveCfg = Debug|Any CPU
		{8355A6D3-7549-4D0B-BF8D-AC6FE35AF70E}.Debug|Any CPU.Build.0 = Debug|Any CPU
		{8355A6D3-7549-4D0B-BF8D-AC6FE35AF70E}.Release|Any CPU.ActiveCfg = Release|Any CPU
		{8355A6D3-7549-4D0B-BF8D-AC6FE35AF70E}.Release|Any CPU.Build.0 = Release|Any CPU
		{BDCC650F-ADBA-4073-99CB-C095D08A345A}.Debug|Any CPU.ActiveCfg = Debug|Any CPU
		{BDCC650F-ADBA-4073-99CB-C095D08A345A}.Debug|Any CPU.Build.0 = Debug|Any CPU
		{BDCC650F-ADBA-4073-99CB-C095D08A345A}.Release|Any CPU.ActiveCfg = Release|Any CPU
		{BDCC650F-ADBA-4073-99CB-C095D08A345A}.Release|Any CPU.Build.0 = Release|Any CPU
		{CC340DE2-3EAF-4A7E-96A8-C365927758FB}.Debug|Any CPU.ActiveCfg = Debug|Any CPU
		{CC340DE2-3EAF-4A7E-96A8-C365927758FB}.Debug|Any CPU.Build.0 = Debug|Any CPU
		{CC340DE2-3EAF-4A7E-96A8-C365927758FB}.Release|Any CPU.ActiveCfg = Release|Any CPU
		{CC340DE2-3EAF-4A7E-96A8-C365927758FB}.Release|Any CPU.Build.0 = Release|Any CPU
		{5B603EEF-6ECD-4F5F-B689-3017D2665B5C}.Debug|Any CPU.ActiveCfg = Debug|Any CPU
		{5B603EEF-6ECD-4F5F-B689-3017D2665B5C}.Debug|Any CPU.Build.0 = Debug|Any CPU
		{5B603EEF-6ECD-4F5F-B689-3017D2665B5C}.Release|Any CPU.ActiveCfg = Release|Any CPU
		{5B603EEF-6ECD-4F5F-B689-3017D2665B5C}.Release|Any CPU.Build.0 = Release|Any CPU
		{D2ACEF5B-8D3E-46F4-B073-2803E4C5FFE0}.Debug|Any CPU.ActiveCfg = Debug|Any CPU
		{D2ACEF5B-8D3E-46F4-B073-2803E4C5FFE0}.Debug|Any CPU.Build.0 = Debug|Any CPU
		{D2ACEF5B-8D3E-46F4-B073-2803E4C5FFE0}.Release|Any CPU.ActiveCfg = Release|Any CPU
		{D2ACEF5B-8D3E-46F4-B073-2803E4C5FFE0}.Release|Any CPU.Build.0 = Release|Any CPU
		{989A31F8-7727-4151-99AF-5F17308DCE33}.Debug|Any CPU.ActiveCfg = Debug|Any CPU
		{989A31F8-7727-4151-99AF-5F17308DCE33}.Debug|Any CPU.Build.0 = Debug|Any CPU
		{989A31F8-7727-4151-99AF-5F17308DCE33}.Release|Any CPU.ActiveCfg = Release|Any CPU
		{989A31F8-7727-4151-99AF-5F17308DCE33}.Release|Any CPU.Build.0 = Release|Any CPU
		{7BE7E478-81AD-475F-8FFC-AD565BAAE0DD}.Debug|Any CPU.ActiveCfg = Debug|Any CPU
		{7BE7E478-81AD-475F-8FFC-AD565BAAE0DD}.Debug|Any CPU.Build.0 = Debug|Any CPU
		{7BE7E478-81AD-475F-8FFC-AD565BAAE0DD}.Release|Any CPU.ActiveCfg = Release|Any CPU
		{7BE7E478-81AD-475F-8FFC-AD565BAAE0DD}.Release|Any CPU.Build.0 = Release|Any CPU
		{AE8257D0-5D7E-4726-AA37-AF12F6F223D5}.Debug|Any CPU.ActiveCfg = Debug|Any CPU
		{AE8257D0-5D7E-4726-AA37-AF12F6F223D5}.Debug|Any CPU.Build.0 = Debug|Any CPU
		{AE8257D0-5D7E-4726-AA37-AF12F6F223D5}.Release|Any CPU.ActiveCfg = Release|Any CPU
		{AE8257D0-5D7E-4726-AA37-AF12F6F223D5}.Release|Any CPU.Build.0 = Release|Any CPU
		{C6A9C44C-C864-415A-8328-D691BC3B4257}.Debug|Any CPU.ActiveCfg = Debug|Any CPU
		{C6A9C44C-C864-415A-8328-D691BC3B4257}.Debug|Any CPU.Build.0 = Debug|Any CPU
		{C6A9C44C-C864-415A-8328-D691BC3B4257}.Release|Any CPU.ActiveCfg = Release|Any CPU
		{C6A9C44C-C864-415A-8328-D691BC3B4257}.Release|Any CPU.Build.0 = Release|Any CPU
		{B6EDD69E-3C2E-40D9-9711-8BAA6515E711}.Debug|Any CPU.ActiveCfg = Debug|Any CPU
		{B6EDD69E-3C2E-40D9-9711-8BAA6515E711}.Debug|Any CPU.Build.0 = Debug|Any CPU
		{B6EDD69E-3C2E-40D9-9711-8BAA6515E711}.Release|Any CPU.ActiveCfg = Release|Any CPU
		{B6EDD69E-3C2E-40D9-9711-8BAA6515E711}.Release|Any CPU.Build.0 = Release|Any CPU
		{E05B6BB5-09DC-4AC4-808F-554015BACBE2}.Debug|Any CPU.ActiveCfg = Debug|Any CPU
		{E05B6BB5-09DC-4AC4-808F-554015BACBE2}.Debug|Any CPU.Build.0 = Debug|Any CPU
		{E05B6BB5-09DC-4AC4-808F-554015BACBE2}.Release|Any CPU.ActiveCfg = Release|Any CPU
		{E05B6BB5-09DC-4AC4-808F-554015BACBE2}.Release|Any CPU.Build.0 = Release|Any CPU
	EndGlobalSection
	GlobalSection(SolutionProperties) = preSolution
		HideSolutionNode = FALSE
	EndGlobalSection
	GlobalSection(ExtensibilityGlobals) = postSolution
		SolutionGuid = {49B63585-1C38-4DC0-A4B3-8D44F4A0B7D1}
	EndGlobalSection
EndGlobal
