
Microsoft Visual Studio Solution File, Format Version 12.00
# Visual Studio Version 16
VisualStudioVersion = 16.0.29201.188
MinimumVisualStudioVersion = 10.0.40219.1
Project("{FAE04EC0-301F-11D3-BF4B-00C04F79EFBC}") = "Test", "CSharp Advanced Retake Exam - 13 August 2019\Test.csproj", "{57689AC3-CD4A-42E7-A3F4-4EA279B3A8CC}"
EndProject
Project("{FAE04EC0-301F-11D3-BF4B-00C04F79EFBC}") = "01. Summer Cocktails", "01. Summer Cocktails\01. Summer Cocktails.csproj", "{64F5DEB7-687F-43FC-A67A-369A616145D4}"
EndProject
Global
	GlobalSection(SolutionConfigurationPlatforms) = preSolution
		Debug|Any CPU = Debug|Any CPU
		Release|Any CPU = Release|Any CPU
	EndGlobalSection
	GlobalSection(ProjectConfigurationPlatforms) = postSolution
		{57689AC3-CD4A-42E7-A3F4-4EA279B3A8CC}.Debug|Any CPU.ActiveCfg = Debug|Any CPU
		{57689AC3-CD4A-42E7-A3F4-4EA279B3A8CC}.Debug|Any CPU.Build.0 = Debug|Any CPU
		{57689AC3-CD4A-42E7-A3F4-4EA279B3A8CC}.Release|Any CPU.ActiveCfg = Release|Any CPU
		{57689AC3-CD4A-42E7-A3F4-4EA279B3A8CC}.Release|Any CPU.Build.0 = Release|Any CPU
		{64F5DEB7-687F-43FC-A67A-369A616145D4}.Debug|Any CPU.ActiveCfg = Debug|Any CPU
		{64F5DEB7-687F-43FC-A67A-369A616145D4}.Debug|Any CPU.Build.0 = Debug|Any CPU
		{64F5DEB7-687F-43FC-A67A-369A616145D4}.Release|Any CPU.ActiveCfg = Release|Any CPU
		{64F5DEB7-687F-43FC-A67A-369A616145D4}.Release|Any CPU.Build.0 = Release|Any CPU
	EndGlobalSection
	GlobalSection(SolutionProperties) = preSolution
		HideSolutionNode = FALSE
	EndGlobalSection
	GlobalSection(ExtensibilityGlobals) = postSolution
		SolutionGuid = {6ABA374B-1E0D-4669-B84F-6802D033FCE4}
	EndGlobalSection
EndGlobal
