
Microsoft Visual Studio Solution File, Format Version 12.00
# Visual Studio 15
VisualStudioVersion = 15.0.28307.572
MinimumVisualStudioVersion = 10.0.40219.1
Project("{FAE04EC0-301F-11D3-BF4B-00C04F79EFBC}") = "01. Arriving in Kathmandu", "01. Arriving in Kathmandu\01. Arriving in Kathmandu.csproj", "{9361173C-07FC-4AB6-AACF-0C5591D39CAE}"
EndProject
Project("{FAE04EC0-301F-11D3-BF4B-00C04F79EFBC}") = "02. On the Way to Annapurna", "02. On the Way to Annapurna\02. On the Way to Annapurna.csproj", "{28799FA7-CE02-4D77-A6B9-59E4B16DFE4E}"
EndProject
Global
	GlobalSection(SolutionConfigurationPlatforms) = preSolution
		Debug|Any CPU = Debug|Any CPU
		Release|Any CPU = Release|Any CPU
	EndGlobalSection
	GlobalSection(ProjectConfigurationPlatforms) = postSolution
		{9361173C-07FC-4AB6-AACF-0C5591D39CAE}.Debug|Any CPU.ActiveCfg = Debug|Any CPU
		{9361173C-07FC-4AB6-AACF-0C5591D39CAE}.Debug|Any CPU.Build.0 = Debug|Any CPU
		{9361173C-07FC-4AB6-AACF-0C5591D39CAE}.Release|Any CPU.ActiveCfg = Release|Any CPU
		{9361173C-07FC-4AB6-AACF-0C5591D39CAE}.Release|Any CPU.Build.0 = Release|Any CPU
		{28799FA7-CE02-4D77-A6B9-59E4B16DFE4E}.Debug|Any CPU.ActiveCfg = Debug|Any CPU
		{28799FA7-CE02-4D77-A6B9-59E4B16DFE4E}.Debug|Any CPU.Build.0 = Debug|Any CPU
		{28799FA7-CE02-4D77-A6B9-59E4B16DFE4E}.Release|Any CPU.ActiveCfg = Release|Any CPU
		{28799FA7-CE02-4D77-A6B9-59E4B16DFE4E}.Release|Any CPU.Build.0 = Release|Any CPU
	EndGlobalSection
	GlobalSection(SolutionProperties) = preSolution
		HideSolutionNode = FALSE
	EndGlobalSection
	GlobalSection(ExtensibilityGlobals) = postSolution
		SolutionGuid = {3C047AB6-DD0B-4DED-9728-1EBD9F756861}
	EndGlobalSection
EndGlobal
