
Microsoft Visual Studio Solution File, Format Version 12.00
# Visual Studio Version 16
VisualStudioVersion = 16.0.29009.5
MinimumVisualStudioVersion = 10.0.40219.1
Project("{9A19103F-16F7-4668-BE54-9A1E7A4F7556}") = "Trojan Invasion", "Trojan Invasion\Trojan Invasion.csproj", "{A73AA8A8-CA3D-4C13-804A-15D66543E480}"
EndProject
Project("{FAE04EC0-301F-11D3-BF4B-00C04F79EFBC}") = "Helens Abduction", "Helens Abduction\Helens Abduction.csproj", "{A7E933E0-B4B5-4B73-B59A-DC326EA6F0A8}"
EndProject
Project("{FAE04EC0-301F-11D3-BF4B-00C04F79EFBC}") = "Socks", "Socks\Socks.csproj", "{BC722699-6E29-4A53-80EE-906ECA7BA68E}"
EndProject
Project("{FAE04EC0-301F-11D3-BF4B-00C04F79EFBC}") = "ExcelFunctions", "ExcelFunctions\ExcelFunctions.csproj", "{2D5DACB6-846A-446A-A2E4-7A1F243788FD}"
EndProject
Global
	GlobalSection(SolutionConfigurationPlatforms) = preSolution
		Debug|Any CPU = Debug|Any CPU
		Release|Any CPU = Release|Any CPU
	EndGlobalSection
	GlobalSection(ProjectConfigurationPlatforms) = postSolution
		{A73AA8A8-CA3D-4C13-804A-15D66543E480}.Debug|Any CPU.ActiveCfg = Debug|Any CPU
		{A73AA8A8-CA3D-4C13-804A-15D66543E480}.Debug|Any CPU.Build.0 = Debug|Any CPU
		{A73AA8A8-CA3D-4C13-804A-15D66543E480}.Release|Any CPU.ActiveCfg = Release|Any CPU
		{A73AA8A8-CA3D-4C13-804A-15D66543E480}.Release|Any CPU.Build.0 = Release|Any CPU
		{A7E933E0-B4B5-4B73-B59A-DC326EA6F0A8}.Debug|Any CPU.ActiveCfg = Debug|Any CPU
		{A7E933E0-B4B5-4B73-B59A-DC326EA6F0A8}.Debug|Any CPU.Build.0 = Debug|Any CPU
		{A7E933E0-B4B5-4B73-B59A-DC326EA6F0A8}.Release|Any CPU.ActiveCfg = Release|Any CPU
		{A7E933E0-B4B5-4B73-B59A-DC326EA6F0A8}.Release|Any CPU.Build.0 = Release|Any CPU
		{BC722699-6E29-4A53-80EE-906ECA7BA68E}.Debug|Any CPU.ActiveCfg = Debug|Any CPU
		{BC722699-6E29-4A53-80EE-906ECA7BA68E}.Debug|Any CPU.Build.0 = Debug|Any CPU
		{BC722699-6E29-4A53-80EE-906ECA7BA68E}.Release|Any CPU.ActiveCfg = Release|Any CPU
		{BC722699-6E29-4A53-80EE-906ECA7BA68E}.Release|Any CPU.Build.0 = Release|Any CPU
		{2D5DACB6-846A-446A-A2E4-7A1F243788FD}.Debug|Any CPU.ActiveCfg = Debug|Any CPU
		{2D5DACB6-846A-446A-A2E4-7A1F243788FD}.Debug|Any CPU.Build.0 = Debug|Any CPU
		{2D5DACB6-846A-446A-A2E4-7A1F243788FD}.Release|Any CPU.ActiveCfg = Release|Any CPU
		{2D5DACB6-846A-446A-A2E4-7A1F243788FD}.Release|Any CPU.Build.0 = Release|Any CPU
	EndGlobalSection
	GlobalSection(SolutionProperties) = preSolution
		HideSolutionNode = FALSE
	EndGlobalSection
	GlobalSection(ExtensibilityGlobals) = postSolution
		SolutionGuid = {DC7C5D56-711C-400F-A155-46629A17CD8F}
	EndGlobalSection
EndGlobal
