
Microsoft Visual Studio Solution File, Format Version 12.00
# Visual Studio 15
VisualStudioVersion = 15.0.28307.489
MinimumVisualStudioVersion = 10.0.40219.1
Project("{9A19103F-16F7-4668-BE54-9A1E7A4F7556}") = "01. Vapor Winter Sale", "01. Vapor Winter Sale\01. Vapor Winter Sale.csproj", "{53831F9B-5CF6-4279-BD06-84A1E321C3CE}"
EndProject
Project("{FAE04EC0-301F-11D3-BF4B-00C04F79EFBC}") = "02. Activation Keys", "02. Activation Keys\02. Activation Keys.csproj", "{FC53D556-0178-489B-B61D-7760C6ABC461}"
EndProject
Global
	GlobalSection(SolutionConfigurationPlatforms) = preSolution
		Debug|Any CPU = Debug|Any CPU
		Release|Any CPU = Release|Any CPU
	EndGlobalSection
	GlobalSection(ProjectConfigurationPlatforms) = postSolution
		{53831F9B-5CF6-4279-BD06-84A1E321C3CE}.Debug|Any CPU.ActiveCfg = Debug|Any CPU
		{53831F9B-5CF6-4279-BD06-84A1E321C3CE}.Debug|Any CPU.Build.0 = Debug|Any CPU
		{53831F9B-5CF6-4279-BD06-84A1E321C3CE}.Release|Any CPU.ActiveCfg = Release|Any CPU
		{53831F9B-5CF6-4279-BD06-84A1E321C3CE}.Release|Any CPU.Build.0 = Release|Any CPU
		{FC53D556-0178-489B-B61D-7760C6ABC461}.Debug|Any CPU.ActiveCfg = Debug|Any CPU
		{FC53D556-0178-489B-B61D-7760C6ABC461}.Debug|Any CPU.Build.0 = Debug|Any CPU
		{FC53D556-0178-489B-B61D-7760C6ABC461}.Release|Any CPU.ActiveCfg = Release|Any CPU
		{FC53D556-0178-489B-B61D-7760C6ABC461}.Release|Any CPU.Build.0 = Release|Any CPU
	EndGlobalSection
	GlobalSection(SolutionProperties) = preSolution
		HideSolutionNode = FALSE
	EndGlobalSection
	GlobalSection(ExtensibilityGlobals) = postSolution
		SolutionGuid = {DCB90C29-36A3-44C8-80ED-CF1C0F5EE1BA}
	EndGlobalSection
	GlobalSection(PhysicalSolutionFolders) = postSolution
		NumEntries = 0
	EndGlobalSection
EndGlobal
