
Microsoft Visual Studio Solution File, Format Version 12.00
# Visual Studio 15
VisualStudioVersion = 15.0.28307.489
MinimumVisualStudioVersion = 10.0.40219.1
Project("{9A19103F-16F7-4668-BE54-9A1E7A4F7556}") = "01. Ranking", "01. Ranking\01. Ranking.csproj", "{2DD636BB-C906-424B-B0DA-F9B6DEEEAB56}"
EndProject
Project("{9A19103F-16F7-4668-BE54-9A1E7A4F7556}") = "02. Judge", "02. Judge\02. Judge.csproj", "{B4665E9E-A583-4543-B5A1-7861B3BB19E9}"
EndProject
Project("{9A19103F-16F7-4668-BE54-9A1E7A4F7556}") = "03. MOBA Challenger", "03. MOBA Challenger\03. MOBA Challenger.csproj", "{EB9FBD86-CF47-4560-9016-72AD5E94E819}"
EndProject
Project("{9A19103F-16F7-4668-BE54-9A1E7A4F7556}") = "04. Snowwhite", "04. Snowwhite\04. Snowwhite.csproj", "{A636DB83-66FF-4DED-AC01-34CD519F5D6A}"
EndProject
Project("{FAE04EC0-301F-11D3-BF4B-00C04F79EFBC}") = "05. Dragon Army", "05. Dragon Army\05. Dragon Army.csproj", "{787C55B4-785B-4D14-BDAA-417E7E94A59C}"
EndProject
Global
	GlobalSection(SolutionConfigurationPlatforms) = preSolution
		Debug|Any CPU = Debug|Any CPU
		Release|Any CPU = Release|Any CPU
	EndGlobalSection
	GlobalSection(ProjectConfigurationPlatforms) = postSolution
		{2DD636BB-C906-424B-B0DA-F9B6DEEEAB56}.Debug|Any CPU.ActiveCfg = Debug|Any CPU
		{2DD636BB-C906-424B-B0DA-F9B6DEEEAB56}.Debug|Any CPU.Build.0 = Debug|Any CPU
		{2DD636BB-C906-424B-B0DA-F9B6DEEEAB56}.Release|Any CPU.ActiveCfg = Release|Any CPU
		{2DD636BB-C906-424B-B0DA-F9B6DEEEAB56}.Release|Any CPU.Build.0 = Release|Any CPU
		{B4665E9E-A583-4543-B5A1-7861B3BB19E9}.Debug|Any CPU.ActiveCfg = Debug|Any CPU
		{B4665E9E-A583-4543-B5A1-7861B3BB19E9}.Debug|Any CPU.Build.0 = Debug|Any CPU
		{B4665E9E-A583-4543-B5A1-7861B3BB19E9}.Release|Any CPU.ActiveCfg = Release|Any CPU
		{B4665E9E-A583-4543-B5A1-7861B3BB19E9}.Release|Any CPU.Build.0 = Release|Any CPU
		{EB9FBD86-CF47-4560-9016-72AD5E94E819}.Debug|Any CPU.ActiveCfg = Debug|Any CPU
		{EB9FBD86-CF47-4560-9016-72AD5E94E819}.Debug|Any CPU.Build.0 = Debug|Any CPU
		{EB9FBD86-CF47-4560-9016-72AD5E94E819}.Release|Any CPU.ActiveCfg = Release|Any CPU
		{EB9FBD86-CF47-4560-9016-72AD5E94E819}.Release|Any CPU.Build.0 = Release|Any CPU
		{A636DB83-66FF-4DED-AC01-34CD519F5D6A}.Debug|Any CPU.ActiveCfg = Debug|Any CPU
		{A636DB83-66FF-4DED-AC01-34CD519F5D6A}.Debug|Any CPU.Build.0 = Debug|Any CPU
		{A636DB83-66FF-4DED-AC01-34CD519F5D6A}.Release|Any CPU.ActiveCfg = Release|Any CPU
		{A636DB83-66FF-4DED-AC01-34CD519F5D6A}.Release|Any CPU.Build.0 = Release|Any CPU
		{787C55B4-785B-4D14-BDAA-417E7E94A59C}.Debug|Any CPU.ActiveCfg = Debug|Any CPU
		{787C55B4-785B-4D14-BDAA-417E7E94A59C}.Debug|Any CPU.Build.0 = Debug|Any CPU
		{787C55B4-785B-4D14-BDAA-417E7E94A59C}.Release|Any CPU.ActiveCfg = Release|Any CPU
		{787C55B4-785B-4D14-BDAA-417E7E94A59C}.Release|Any CPU.Build.0 = Release|Any CPU
	EndGlobalSection
	GlobalSection(SolutionProperties) = preSolution
		HideSolutionNode = FALSE
	EndGlobalSection
	GlobalSection(ExtensibilityGlobals) = postSolution
		SolutionGuid = {143E3F06-A83A-45BC-99A2-02479F415561}
	EndGlobalSection
	GlobalSection(PhysicalSolutionFolders) = postSolution
		NumEntries = 0
	EndGlobalSection
EndGlobal
