
Microsoft Visual Studio Solution File, Format Version 12.00
# Visual Studio 15
VisualStudioVersion = 15.0.28307.572
MinimumVisualStudioVersion = 10.0.40219.1
Project("{FAE04EC0-301F-11D3-BF4B-00C04F79EFBC}") = "01. Santa's Cookies", "01. Santa's Cookies\01. Santa's Cookies.csproj", "{DF0917B8-0671-4174-8611-FB08D8F30BE0}"
EndProject
Project("{FAE04EC0-301F-11D3-BF4B-00C04F79EFBC}") = "02. Santa's Gifts", "02. Santa's Gifts\02. Santa's Gifts.csproj", "{DD3B9901-6430-49EB-A2E5-247B555D0451}"
EndProject
Global
	GlobalSection(SolutionConfigurationPlatforms) = preSolution
		Debug|Any CPU = Debug|Any CPU
		Release|Any CPU = Release|Any CPU
	EndGlobalSection
	GlobalSection(ProjectConfigurationPlatforms) = postSolution
		{DF0917B8-0671-4174-8611-FB08D8F30BE0}.Debug|Any CPU.ActiveCfg = Debug|Any CPU
		{DF0917B8-0671-4174-8611-FB08D8F30BE0}.Debug|Any CPU.Build.0 = Debug|Any CPU
		{DF0917B8-0671-4174-8611-FB08D8F30BE0}.Release|Any CPU.ActiveCfg = Release|Any CPU
		{DF0917B8-0671-4174-8611-FB08D8F30BE0}.Release|Any CPU.Build.0 = Release|Any CPU
		{DD3B9901-6430-49EB-A2E5-247B555D0451}.Debug|Any CPU.ActiveCfg = Debug|Any CPU
		{DD3B9901-6430-49EB-A2E5-247B555D0451}.Debug|Any CPU.Build.0 = Debug|Any CPU
		{DD3B9901-6430-49EB-A2E5-247B555D0451}.Release|Any CPU.ActiveCfg = Release|Any CPU
		{DD3B9901-6430-49EB-A2E5-247B555D0451}.Release|Any CPU.Build.0 = Release|Any CPU
	EndGlobalSection
	GlobalSection(SolutionProperties) = preSolution
		HideSolutionNode = FALSE
	EndGlobalSection
	GlobalSection(ExtensibilityGlobals) = postSolution
		SolutionGuid = {0860F606-91BF-4227-A987-302CB654399F}
	EndGlobalSection
EndGlobal
