
Microsoft Visual Studio Solution File, Format Version 12.00
# Visual Studio 15
VisualStudioVersion = 15.0.28307.572
MinimumVisualStudioVersion = 10.0.40219.1
Project("{FAE04EC0-301F-11D3-BF4B-00C04F79EFBC}") = "01. Old Books", "01. Old Books\01. Old Books.csproj", "{D3630F9E-9BD9-42C6-9661-B8086D257A51}"
EndProject
Project("{FAE04EC0-301F-11D3-BF4B-00C04F79EFBC}") = "02. Exam Preparation", "02. Exam Preparation\02. Exam Preparation.csproj", "{852A8949-2C3B-43FF-B16D-95EA332A7259}"
EndProject
Project("{FAE04EC0-301F-11D3-BF4B-00C04F79EFBC}") = "03. Vacation", "03. Vacation\03. Vacation.csproj", "{AAA1740E-9131-4BD7-ADFF-751A3F1BCDF4}"
EndProject
Project("{FAE04EC0-301F-11D3-BF4B-00C04F79EFBC}") = "05. Coins", "05. Coins\05. Coins.csproj", "{A4EAED0E-9FF2-4E5E-8BD9-85807D4F97B3}"
EndProject
Project("{FAE04EC0-301F-11D3-BF4B-00C04F79EFBC}") = "06. Cake", "06. Cake\06. Cake.csproj", "{8F56AF44-9D6C-444E-BE1A-BE10349502FC}"
EndProject
Global
	GlobalSection(SolutionConfigurationPlatforms) = preSolution
		Debug|Any CPU = Debug|Any CPU
		Release|Any CPU = Release|Any CPU
	EndGlobalSection
	GlobalSection(ProjectConfigurationPlatforms) = postSolution
		{D3630F9E-9BD9-42C6-9661-B8086D257A51}.Debug|Any CPU.ActiveCfg = Debug|Any CPU
		{D3630F9E-9BD9-42C6-9661-B8086D257A51}.Debug|Any CPU.Build.0 = Debug|Any CPU
		{D3630F9E-9BD9-42C6-9661-B8086D257A51}.Release|Any CPU.ActiveCfg = Release|Any CPU
		{D3630F9E-9BD9-42C6-9661-B8086D257A51}.Release|Any CPU.Build.0 = Release|Any CPU
		{852A8949-2C3B-43FF-B16D-95EA332A7259}.Debug|Any CPU.ActiveCfg = Debug|Any CPU
		{852A8949-2C3B-43FF-B16D-95EA332A7259}.Debug|Any CPU.Build.0 = Debug|Any CPU
		{852A8949-2C3B-43FF-B16D-95EA332A7259}.Release|Any CPU.ActiveCfg = Release|Any CPU
		{852A8949-2C3B-43FF-B16D-95EA332A7259}.Release|Any CPU.Build.0 = Release|Any CPU
		{AAA1740E-9131-4BD7-ADFF-751A3F1BCDF4}.Debug|Any CPU.ActiveCfg = Debug|Any CPU
		{AAA1740E-9131-4BD7-ADFF-751A3F1BCDF4}.Debug|Any CPU.Build.0 = Debug|Any CPU
		{AAA1740E-9131-4BD7-ADFF-751A3F1BCDF4}.Release|Any CPU.ActiveCfg = Release|Any CPU
		{AAA1740E-9131-4BD7-ADFF-751A3F1BCDF4}.Release|Any CPU.Build.0 = Release|Any CPU
		{A4EAED0E-9FF2-4E5E-8BD9-85807D4F97B3}.Debug|Any CPU.ActiveCfg = Debug|Any CPU
		{A4EAED0E-9FF2-4E5E-8BD9-85807D4F97B3}.Debug|Any CPU.Build.0 = Debug|Any CPU
		{A4EAED0E-9FF2-4E5E-8BD9-85807D4F97B3}.Release|Any CPU.ActiveCfg = Release|Any CPU
		{A4EAED0E-9FF2-4E5E-8BD9-85807D4F97B3}.Release|Any CPU.Build.0 = Release|Any CPU
		{8F56AF44-9D6C-444E-BE1A-BE10349502FC}.Debug|Any CPU.ActiveCfg = Debug|Any CPU
		{8F56AF44-9D6C-444E-BE1A-BE10349502FC}.Debug|Any CPU.Build.0 = Debug|Any CPU
		{8F56AF44-9D6C-444E-BE1A-BE10349502FC}.Release|Any CPU.ActiveCfg = Release|Any CPU
		{8F56AF44-9D6C-444E-BE1A-BE10349502FC}.Release|Any CPU.Build.0 = Release|Any CPU
	EndGlobalSection
	GlobalSection(SolutionProperties) = preSolution
		HideSolutionNode = FALSE
	EndGlobalSection
	GlobalSection(ExtensibilityGlobals) = postSolution
		SolutionGuid = {2CE434AC-1DB3-4201-8388-0FA4E6A868DD}
	EndGlobalSection
EndGlobal
