
Microsoft Visual Studio Solution File, Format Version 12.00
# Visual Studio 15
VisualStudioVersion = 15.0.28307.572
MinimumVisualStudioVersion = 10.0.40219.1
Project("{FAE04EC0-301F-11D3-BF4B-00C04F79EFBC}") = "01. Matrix", "01. Matrix\01. Matrix.csproj", "{BD3D1E46-B057-4C63-B6B5-6EC560BABD46}"
EndProject
Project("{FAE04EC0-301F-11D3-BF4B-00C04F79EFBC}") = "02. Number Pyramid", "02. Number Pyramid\02. Number Pyramid.csproj", "{F348B9F1-8BB2-4905-8741-829F203B62D4}"
EndProject
Project("{FAE04EC0-301F-11D3-BF4B-00C04F79EFBC}") = "07. Train The Trainers", "07. Train The Trainers\07. Train The Trainers.csproj", "{8FCA84EE-7EDE-4A3D-91B4-4D8ACE1D6079}"
EndProject
Project("{FAE04EC0-301F-11D3-BF4B-00C04F79EFBC}") = "10. Special Numbers", "10. Special Numbers\10. Special Numbers.csproj", "{F2A6631B-5186-4B40-90DE-23F748C23551}"
EndProject
Project("{FAE04EC0-301F-11D3-BF4B-00C04F79EFBC}") = "09. Password Generator", "09. Password Generator\09. Password Generator.csproj", "{1C6CA1AA-58B2-46F2-98EB-FD852999C3B3}"
EndProject
Project("{FAE04EC0-301F-11D3-BF4B-00C04F79EFBC}") = "03. Coding", "03. Coding\03. Coding.csproj", "{CF197C3A-2582-4247-9413-0870F661AAE7}"
EndProject
Project("{FAE04EC0-301F-11D3-BF4B-00C04F79EFBC}") = "04. Equal Sums Even Odd Position", "04. Equal Sums Even Odd Position\04. Equal Sums Even Odd Position.csproj", "{3540815F-73DF-4A99-9154-B6D7DCE92508}"
EndProject
Project("{FAE04EC0-301F-11D3-BF4B-00C04F79EFBC}") = "05. Equal Sums Left Right Position", "05. Equal Sums Left Right Position\05. Equal Sums Left Right Position.csproj", "{F0BC7D65-CE77-4081-AA92-36E6AA033260}"
EndProject
Project("{FAE04EC0-301F-11D3-BF4B-00C04F79EFBC}") = "06. Sum Prime Non Prime", "06. Sum Prime Non Prime\06. Sum Prime Non Prime.csproj", "{8FB8BE03-9950-472E-B582-77138CA0BB28}"
EndProject
Project("{FAE04EC0-301F-11D3-BF4B-00C04F79EFBC}") = "08. Fishing", "08. Fishing\08. Fishing.csproj", "{E5DBDAAF-C6F1-43E8-8B2C-C1180E1CA6CF}"
EndProject
Global
	GlobalSection(SolutionConfigurationPlatforms) = preSolution
		Debug|Any CPU = Debug|Any CPU
		Release|Any CPU = Release|Any CPU
	EndGlobalSection
	GlobalSection(ProjectConfigurationPlatforms) = postSolution
		{BD3D1E46-B057-4C63-B6B5-6EC560BABD46}.Debug|Any CPU.ActiveCfg = Debug|Any CPU
		{BD3D1E46-B057-4C63-B6B5-6EC560BABD46}.Debug|Any CPU.Build.0 = Debug|Any CPU
		{BD3D1E46-B057-4C63-B6B5-6EC560BABD46}.Release|Any CPU.ActiveCfg = Release|Any CPU
		{BD3D1E46-B057-4C63-B6B5-6EC560BABD46}.Release|Any CPU.Build.0 = Release|Any CPU
		{F348B9F1-8BB2-4905-8741-829F203B62D4}.Debug|Any CPU.ActiveCfg = Debug|Any CPU
		{F348B9F1-8BB2-4905-8741-829F203B62D4}.Debug|Any CPU.Build.0 = Debug|Any CPU
		{F348B9F1-8BB2-4905-8741-829F203B62D4}.Release|Any CPU.ActiveCfg = Release|Any CPU
		{F348B9F1-8BB2-4905-8741-829F203B62D4}.Release|Any CPU.Build.0 = Release|Any CPU
		{8FCA84EE-7EDE-4A3D-91B4-4D8ACE1D6079}.Debug|Any CPU.ActiveCfg = Debug|Any CPU
		{8FCA84EE-7EDE-4A3D-91B4-4D8ACE1D6079}.Debug|Any CPU.Build.0 = Debug|Any CPU
		{8FCA84EE-7EDE-4A3D-91B4-4D8ACE1D6079}.Release|Any CPU.ActiveCfg = Release|Any CPU
		{8FCA84EE-7EDE-4A3D-91B4-4D8ACE1D6079}.Release|Any CPU.Build.0 = Release|Any CPU
		{F2A6631B-5186-4B40-90DE-23F748C23551}.Debug|Any CPU.ActiveCfg = Debug|Any CPU
		{F2A6631B-5186-4B40-90DE-23F748C23551}.Debug|Any CPU.Build.0 = Debug|Any CPU
		{F2A6631B-5186-4B40-90DE-23F748C23551}.Release|Any CPU.ActiveCfg = Release|Any CPU
		{F2A6631B-5186-4B40-90DE-23F748C23551}.Release|Any CPU.Build.0 = Release|Any CPU
		{1C6CA1AA-58B2-46F2-98EB-FD852999C3B3}.Debug|Any CPU.ActiveCfg = Debug|Any CPU
		{1C6CA1AA-58B2-46F2-98EB-FD852999C3B3}.Debug|Any CPU.Build.0 = Debug|Any CPU
		{1C6CA1AA-58B2-46F2-98EB-FD852999C3B3}.Release|Any CPU.ActiveCfg = Release|Any CPU
		{1C6CA1AA-58B2-46F2-98EB-FD852999C3B3}.Release|Any CPU.Build.0 = Release|Any CPU
		{CF197C3A-2582-4247-9413-0870F661AAE7}.Debug|Any CPU.ActiveCfg = Debug|Any CPU
		{CF197C3A-2582-4247-9413-0870F661AAE7}.Debug|Any CPU.Build.0 = Debug|Any CPU
		{CF197C3A-2582-4247-9413-0870F661AAE7}.Release|Any CPU.ActiveCfg = Release|Any CPU
		{CF197C3A-2582-4247-9413-0870F661AAE7}.Release|Any CPU.Build.0 = Release|Any CPU
		{3540815F-73DF-4A99-9154-B6D7DCE92508}.Debug|Any CPU.ActiveCfg = Debug|Any CPU
		{3540815F-73DF-4A99-9154-B6D7DCE92508}.Debug|Any CPU.Build.0 = Debug|Any CPU
		{3540815F-73DF-4A99-9154-B6D7DCE92508}.Release|Any CPU.ActiveCfg = Release|Any CPU
		{3540815F-73DF-4A99-9154-B6D7DCE92508}.Release|Any CPU.Build.0 = Release|Any CPU
		{F0BC7D65-CE77-4081-AA92-36E6AA033260}.Debug|Any CPU.ActiveCfg = Debug|Any CPU
		{F0BC7D65-CE77-4081-AA92-36E6AA033260}.Debug|Any CPU.Build.0 = Debug|Any CPU
		{F0BC7D65-CE77-4081-AA92-36E6AA033260}.Release|Any CPU.ActiveCfg = Release|Any CPU
		{F0BC7D65-CE77-4081-AA92-36E6AA033260}.Release|Any CPU.Build.0 = Release|Any CPU
		{8FB8BE03-9950-472E-B582-77138CA0BB28}.Debug|Any CPU.ActiveCfg = Debug|Any CPU
		{8FB8BE03-9950-472E-B582-77138CA0BB28}.Debug|Any CPU.Build.0 = Debug|Any CPU
		{8FB8BE03-9950-472E-B582-77138CA0BB28}.Release|Any CPU.ActiveCfg = Release|Any CPU
		{8FB8BE03-9950-472E-B582-77138CA0BB28}.Release|Any CPU.Build.0 = Release|Any CPU
		{E5DBDAAF-C6F1-43E8-8B2C-C1180E1CA6CF}.Debug|Any CPU.ActiveCfg = Debug|Any CPU
		{E5DBDAAF-C6F1-43E8-8B2C-C1180E1CA6CF}.Debug|Any CPU.Build.0 = Debug|Any CPU
		{E5DBDAAF-C6F1-43E8-8B2C-C1180E1CA6CF}.Release|Any CPU.ActiveCfg = Release|Any CPU
		{E5DBDAAF-C6F1-43E8-8B2C-C1180E1CA6CF}.Release|Any CPU.Build.0 = Release|Any CPU
	EndGlobalSection
	GlobalSection(SolutionProperties) = preSolution
		HideSolutionNode = FALSE
	EndGlobalSection
	GlobalSection(ExtensibilityGlobals) = postSolution
		SolutionGuid = {7611C8B8-5922-449D-AD2A-F93733AE7A99}
	EndGlobalSection
EndGlobal
