
Microsoft Visual Studio Solution File, Format Version 12.00
# Visual Studio 15
VisualStudioVersion = 15.0.28307.572
MinimumVisualStudioVersion = 10.0.40219.1
Project("{FAE04EC0-301F-11D3-BF4B-00C04F79EFBC}") = "03. Present Delivery", "03. Present Delivery\03. Present Delivery.csproj", "{C5219658-A1E4-491C-A853-BEBF0057EA4F}"
EndProject
Project("{FAE04EC0-301F-11D3-BF4B-00C04F79EFBC}") = "02. Santa's List", "02. Santa's List\02. Santa's List.csproj", "{EAD9A14D-8E16-4C8B-BFB0-A035F04080CD}"
EndProject
Project("{FAE04EC0-301F-11D3-BF4B-00C04F79EFBC}") = "01. Christmas Spirit", "01. Christmas Spirit\01. Christmas Spirit.csproj", "{9BDC9AF7-5AB6-482D-BB19-3C2593415113}"
EndProject
Global
	GlobalSection(SolutionConfigurationPlatforms) = preSolution
		Debug|Any CPU = Debug|Any CPU
		Release|Any CPU = Release|Any CPU
	EndGlobalSection
	GlobalSection(ProjectConfigurationPlatforms) = postSolution
		{C5219658-A1E4-491C-A853-BEBF0057EA4F}.Debug|Any CPU.ActiveCfg = Debug|Any CPU
		{C5219658-A1E4-491C-A853-BEBF0057EA4F}.Debug|Any CPU.Build.0 = Debug|Any CPU
		{C5219658-A1E4-491C-A853-BEBF0057EA4F}.Release|Any CPU.ActiveCfg = Release|Any CPU
		{C5219658-A1E4-491C-A853-BEBF0057EA4F}.Release|Any CPU.Build.0 = Release|Any CPU
		{EAD9A14D-8E16-4C8B-BFB0-A035F04080CD}.Debug|Any CPU.ActiveCfg = Debug|Any CPU
		{EAD9A14D-8E16-4C8B-BFB0-A035F04080CD}.Debug|Any CPU.Build.0 = Debug|Any CPU
		{EAD9A14D-8E16-4C8B-BFB0-A035F04080CD}.Release|Any CPU.ActiveCfg = Release|Any CPU
		{EAD9A14D-8E16-4C8B-BFB0-A035F04080CD}.Release|Any CPU.Build.0 = Release|Any CPU
		{9BDC9AF7-5AB6-482D-BB19-3C2593415113}.Debug|Any CPU.ActiveCfg = Debug|Any CPU
		{9BDC9AF7-5AB6-482D-BB19-3C2593415113}.Debug|Any CPU.Build.0 = Debug|Any CPU
		{9BDC9AF7-5AB6-482D-BB19-3C2593415113}.Release|Any CPU.ActiveCfg = Release|Any CPU
		{9BDC9AF7-5AB6-482D-BB19-3C2593415113}.Release|Any CPU.Build.0 = Release|Any CPU
	EndGlobalSection
	GlobalSection(SolutionProperties) = preSolution
		HideSolutionNode = FALSE
	EndGlobalSection
	GlobalSection(ExtensibilityGlobals) = postSolution
		SolutionGuid = {3911CA03-0451-44BA-9C40-1253BDD1B11F}
	EndGlobalSection
EndGlobal
