
Microsoft Visual Studio Solution File, Format Version 12.00
# Visual Studio Version 16
VisualStudioVersion = 16.0.29025.244
MinimumVisualStudioVersion = 10.0.40219.1
Project("{9A19103F-16F7-4668-BE54-9A1E7A4F7556}") = "Persons", "01. Persons\Persons.csproj", "{4DFB1B2F-DCA6-489D-9DD4-74AB96C42FA6}"
EndProject
Project("{9A19103F-16F7-4668-BE54-9A1E7A4F7556}") = "TEST", "TEST\TEST.csproj", "{08539E44-B496-43F6-8B56-BCC0F30DFFA5}"
EndProject
Project("{FAE04EC0-301F-11D3-BF4B-00C04F79EFBC}") = "Salary", "Salary\Salary.csproj", "{1B04D175-728A-46CA-BCEE-262410DD8348}"
EndProject
Project("{FAE04EC0-301F-11D3-BF4B-00C04F79EFBC}") = "Validation", "Validation\Validation.csproj", "{7D07908A-0131-4ACC-888D-308BA58C3202}"
EndProject
Global
	GlobalSection(SolutionConfigurationPlatforms) = preSolution
		Debug|Any CPU = Debug|Any CPU
		Release|Any CPU = Release|Any CPU
	EndGlobalSection
	GlobalSection(ProjectConfigurationPlatforms) = postSolution
		{4DFB1B2F-DCA6-489D-9DD4-74AB96C42FA6}.Debug|Any CPU.ActiveCfg = Debug|Any CPU
		{4DFB1B2F-DCA6-489D-9DD4-74AB96C42FA6}.Debug|Any CPU.Build.0 = Debug|Any CPU
		{4DFB1B2F-DCA6-489D-9DD4-74AB96C42FA6}.Release|Any CPU.ActiveCfg = Release|Any CPU
		{4DFB1B2F-DCA6-489D-9DD4-74AB96C42FA6}.Release|Any CPU.Build.0 = Release|Any CPU
		{08539E44-B496-43F6-8B56-BCC0F30DFFA5}.Debug|Any CPU.ActiveCfg = Debug|Any CPU
		{08539E44-B496-43F6-8B56-BCC0F30DFFA5}.Debug|Any CPU.Build.0 = Debug|Any CPU
		{08539E44-B496-43F6-8B56-BCC0F30DFFA5}.Release|Any CPU.ActiveCfg = Release|Any CPU
		{08539E44-B496-43F6-8B56-BCC0F30DFFA5}.Release|Any CPU.Build.0 = Release|Any CPU
		{1B04D175-728A-46CA-BCEE-262410DD8348}.Debug|Any CPU.ActiveCfg = Debug|Any CPU
		{1B04D175-728A-46CA-BCEE-262410DD8348}.Debug|Any CPU.Build.0 = Debug|Any CPU
		{1B04D175-728A-46CA-BCEE-262410DD8348}.Release|Any CPU.ActiveCfg = Release|Any CPU
		{1B04D175-728A-46CA-BCEE-262410DD8348}.Release|Any CPU.Build.0 = Release|Any CPU
		{7D07908A-0131-4ACC-888D-308BA58C3202}.Debug|Any CPU.ActiveCfg = Debug|Any CPU
		{7D07908A-0131-4ACC-888D-308BA58C3202}.Debug|Any CPU.Build.0 = Debug|Any CPU
		{7D07908A-0131-4ACC-888D-308BA58C3202}.Release|Any CPU.ActiveCfg = Release|Any CPU
		{7D07908A-0131-4ACC-888D-308BA58C3202}.Release|Any CPU.Build.0 = Release|Any CPU
	EndGlobalSection
	GlobalSection(SolutionProperties) = preSolution
		HideSolutionNode = FALSE
	EndGlobalSection
	GlobalSection(ExtensibilityGlobals) = postSolution
		SolutionGuid = {6ADCBBB8-2C45-470C-8B60-AE867B63844F}
	EndGlobalSection
EndGlobal
