
Microsoft Visual Studio Solution File, Format Version 12.00
# Visual Studio 15
VisualStudioVersion = 15.0.28307.572
MinimumVisualStudioVersion = 10.0.40219.1
Project("{FAE04EC0-301F-11D3-BF4B-00C04F79EFBC}") = "01. Padawan Equipment", "01. Padawan Equipment\01. Padawan Equipment.csproj", "{045156CA-BDB6-4DB2-B67D-62ECD6C49773}"
EndProject
Project("{FAE04EC0-301F-11D3-BF4B-00C04F79EFBC}") = "02. Kamino Factory", "02. Kamino Factory\02. Kamino Factory.csproj", "{113E7468-088E-488D-AF09-2BF0A7368784}"
EndProject
Global
	GlobalSection(SolutionConfigurationPlatforms) = preSolution
		Debug|Any CPU = Debug|Any CPU
		Release|Any CPU = Release|Any CPU
	EndGlobalSection
	GlobalSection(ProjectConfigurationPlatforms) = postSolution
		{045156CA-BDB6-4DB2-B67D-62ECD6C49773}.Debug|Any CPU.ActiveCfg = Debug|Any CPU
		{045156CA-BDB6-4DB2-B67D-62ECD6C49773}.Debug|Any CPU.Build.0 = Debug|Any CPU
		{045156CA-BDB6-4DB2-B67D-62ECD6C49773}.Release|Any CPU.ActiveCfg = Release|Any CPU
		{045156CA-BDB6-4DB2-B67D-62ECD6C49773}.Release|Any CPU.Build.0 = Release|Any CPU
		{113E7468-088E-488D-AF09-2BF0A7368784}.Debug|Any CPU.ActiveCfg = Debug|Any CPU
		{113E7468-088E-488D-AF09-2BF0A7368784}.Debug|Any CPU.Build.0 = Debug|Any CPU
		{113E7468-088E-488D-AF09-2BF0A7368784}.Release|Any CPU.ActiveCfg = Release|Any CPU
		{113E7468-088E-488D-AF09-2BF0A7368784}.Release|Any CPU.Build.0 = Release|Any CPU
	EndGlobalSection
	GlobalSection(SolutionProperties) = preSolution
		HideSolutionNode = FALSE
	EndGlobalSection
	GlobalSection(ExtensibilityGlobals) = postSolution
		SolutionGuid = {25C78C72-537C-4B0E-BC28-61428885C960}
	EndGlobalSection
EndGlobal
