
Microsoft Visual Studio Solution File, Format Version 12.00
# Visual Studio 15
VisualStudioVersion = 15.0.28307.572
MinimumVisualStudioVersion = 10.0.40219.1
Project("{FAE04EC0-301F-11D3-BF4B-00C04F79EFBC}") = "01. The Hunting Games", "01. The Hunting Games\01. The Hunting Games.csproj", "{50D974D7-41D3-47CD-BDC6-70EEBB6AB7E2}"
EndProject
Project("{FAE04EC0-301F-11D3-BF4B-00C04F79EFBC}") = "02. Seize the Fire", "02. Seize the Fire\02. Seize the Fire.csproj", "{42301FB2-08F0-4AA7-AC4B-51309B84746C}"
EndProject
Project("{FAE04EC0-301F-11D3-BF4B-00C04F79EFBC}") = "03. The Final Quest", "03. The Final Quest\03. The Final Quest.csproj", "{9F71EFD6-BE54-4C58-A0CE-77D5B34BBB21}"
EndProject
Global
	GlobalSection(SolutionConfigurationPlatforms) = preSolution
		Debug|Any CPU = Debug|Any CPU
		Release|Any CPU = Release|Any CPU
	EndGlobalSection
	GlobalSection(ProjectConfigurationPlatforms) = postSolution
		{50D974D7-41D3-47CD-BDC6-70EEBB6AB7E2}.Debug|Any CPU.ActiveCfg = Debug|Any CPU
		{50D974D7-41D3-47CD-BDC6-70EEBB6AB7E2}.Debug|Any CPU.Build.0 = Debug|Any CPU
		{50D974D7-41D3-47CD-BDC6-70EEBB6AB7E2}.Release|Any CPU.ActiveCfg = Release|Any CPU
		{50D974D7-41D3-47CD-BDC6-70EEBB6AB7E2}.Release|Any CPU.Build.0 = Release|Any CPU
		{42301FB2-08F0-4AA7-AC4B-51309B84746C}.Debug|Any CPU.ActiveCfg = Debug|Any CPU
		{42301FB2-08F0-4AA7-AC4B-51309B84746C}.Debug|Any CPU.Build.0 = Debug|Any CPU
		{42301FB2-08F0-4AA7-AC4B-51309B84746C}.Release|Any CPU.ActiveCfg = Release|Any CPU
		{42301FB2-08F0-4AA7-AC4B-51309B84746C}.Release|Any CPU.Build.0 = Release|Any CPU
		{9F71EFD6-BE54-4C58-A0CE-77D5B34BBB21}.Debug|Any CPU.ActiveCfg = Debug|Any CPU
		{9F71EFD6-BE54-4C58-A0CE-77D5B34BBB21}.Debug|Any CPU.Build.0 = Debug|Any CPU
		{9F71EFD6-BE54-4C58-A0CE-77D5B34BBB21}.Release|Any CPU.ActiveCfg = Release|Any CPU
		{9F71EFD6-BE54-4C58-A0CE-77D5B34BBB21}.Release|Any CPU.Build.0 = Release|Any CPU
	EndGlobalSection
	GlobalSection(SolutionProperties) = preSolution
		HideSolutionNode = FALSE
	EndGlobalSection
	GlobalSection(ExtensibilityGlobals) = postSolution
		SolutionGuid = {47ED1EA0-34E0-4FA1-9EB2-49B32E2AAE8F}
	EndGlobalSection
EndGlobal
